
Microsoft Visual Studio Solution File, Format Version 12.00
# Visual Studio Version 17
VisualStudioVersion = 17.4.33213.308
MinimumVisualStudioVersion = 10.0.40219.1
Project("{FAE04EC0-301F-11D3-BF4B-00C04F79EFBC}") = "Test with AP", "Test with AP\Test with AP.csproj", "{57B37B4B-A56B-43C8-A434-49594E6977FB}"
EndProject
Project("{FAE04EC0-301F-11D3-BF4B-00C04F79EFBC}") = "With AP", "With AP\With AP.csproj", "{50C6289B-6CED-415C-9E20-EE4FF731698B}"
EndProject
Global
	GlobalSection(SolutionConfigurationPlatforms) = preSolution
		Debug|Any CPU = Debug|Any CPU
		Release|Any CPU = Release|Any CPU
	EndGlobalSection
	GlobalSection(ProjectConfigurationPlatforms) = postSolution
		{57B37B4B-A56B-43C8-A434-49594E6977FB}.Debug|Any CPU.ActiveCfg = Debug|Any CPU
		{57B37B4B-A56B-43C8-A434-49594E6977FB}.Debug|Any CPU.Build.0 = Debug|Any CPU
		{57B37B4B-A56B-43C8-A434-49594E6977FB}.Release|Any CPU.ActiveCfg = Release|Any CPU
		{57B37B4B-A56B-43C8-A434-49594E6977FB}.Release|Any CPU.Build.0 = Release|Any CPU
		{50C6289B-6CED-415C-9E20-EE4FF731698B}.Debug|Any CPU.ActiveCfg = Debug|Any CPU
		{50C6289B-6CED-415C-9E20-EE4FF731698B}.Debug|Any CPU.Build.0 = Debug|Any CPU
		{50C6289B-6CED-415C-9E20-EE4FF731698B}.Release|Any CPU.ActiveCfg = Release|Any CPU
		{50C6289B-6CED-415C-9E20-EE4FF731698B}.Release|Any CPU.Build.0 = Release|Any CPU
	EndGlobalSection
	GlobalSection(SolutionProperties) = preSolution
		HideSolutionNode = FALSE
	EndGlobalSection
	GlobalSection(ExtensibilityGlobals) = postSolution
		SolutionGuid = {A11C432E-70FD-4A6F-BC43-EBCFD87DD7F5}
	EndGlobalSection
EndGlobal
